
Microsoft Visual Studio Solution File, Format Version 12.00
# Visual Studio Version 17
VisualStudioVersion = 17.9.34723.18
MinimumVisualStudioVersion = 10.0.40219.1
Project("{FAE04EC0-301F-11D3-BF4B-00C04F79EFBC}") = "ConsoleApp1", "ConsoleApp1\ConsoleApp1.csproj", "{FDCEDCC8-A6DE-4ED5-956B-0D9B6A8F4F99}"
EndProject
Global
	GlobalSection(SolutionConfigurationPlatforms) = preSolution
		Debug|Any CPU = Debug|Any CPU
		Release|Any CPU = Release|Any CPU
	EndGlobalSection
	GlobalSection(ProjectConfigurationPlatforms) = postSolution
		{FDCEDCC8-A6DE-4ED5-956B-0D9B6A8F4F99}.Debug|Any CPU.ActiveCfg = Debug|Any CPU
		{FDCEDCC8-A6DE-4ED5-956B-0D9B6A8F4F99}.Debug|Any CPU.Build.0 = Debug|Any CPU
		{FDCEDCC8-A6DE-4ED5-956B-0D9B6A8F4F99}.Release|Any CPU.ActiveCfg = Release|Any CPU
		{FDCEDCC8-A6DE-4ED5-956B-0D9B6A8F4F99}.Release|Any CPU.Build.0 = Release|Any CPU
	EndGlobalSection
	GlobalSection(SolutionProperties) = preSolution
		HideSolutionNode = FALSE
	EndGlobalSection
	GlobalSection(ExtensibilityGlobals) = postSolution
		SolutionGuid = {8B66420F-79F5-49B5-BFA1-3C22CF8611CA}
	EndGlobalSection
EndGlobal
